
Microsoft Visual Studio Solution File, Format Version 12.00
Project("{FAE04EC0-301F-11D3-BF4B-00C04F79EFBC}") = "Avalonia.NETCoreMVVMApp1", "Avalonia.NETCoreMVVMApp1.csproj", "{EBB7E52A-90B5-4409-A11F-89774AB3CD4A}"
EndProject
Global
	GlobalSection(SolutionConfigurationPlatforms) = preSolution
		Debug|Any CPU = Debug|Any CPU
		Release|Any CPU = Release|Any CPU
	EndGlobalSection
	GlobalSection(ProjectConfigurationPlatforms) = postSolution
		{EBB7E52A-90B5-4409-A11F-89774AB3CD4A}.Debug|Any CPU.ActiveCfg = Debug|Any CPU
		{EBB7E52A-90B5-4409-A11F-89774AB3CD4A}.Debug|Any CPU.Build.0 = Debug|Any CPU
		{EBB7E52A-90B5-4409-A11F-89774AB3CD4A}.Release|Any CPU.ActiveCfg = Release|Any CPU
		{EBB7E52A-90B5-4409-A11F-89774AB3CD4A}.Release|Any CPU.Build.0 = Release|Any CPU
	EndGlobalSection
EndGlobal
